# This file is autogenerated, do not edit; changes may be undone by the next 'dep ensure'.


[[projects]]
  branch = "master"
  name = "github.com/dictyBase/apihelpers"
  packages = ["apherror"]
  revision = "aa9d10182786db3b748b8687d86d2dd8988317bc"

[[projects]]
  name = "github.com/fatih/structs"
  packages = ["."]
  revision = "a720dfa8df582c51dee1b36feabb906bde1588bd"
  version = "v1.0"

[[projects]]
  name = "github.com/go-redis/redis"
  packages = [
    ".",
    "internal",
    "internal/consistenthash",
    "internal/hashtag",
    "internal/pool",
    "internal/proto",
    "internal/singleflight",
    "internal/util"
  ]
  revision = "480db94d33e6088e08d628833b6c0705451d24bb"
  version = "v6.13.2"

[[projects]]
  name = "github.com/gomodule/redigo"
  packages = [
    "internal",
    "redis"
  ]
  revision = "9c11da706d9b7902c6da69c592f75637793fe121"
  version = "v2.0.0"

[[projects]]
  name = "github.com/mna/redisc"
  packages = ["."]
  revision = "1d42445fe2abe34af11aa88bc438225d98aee7b6"
  version = "v1.1.2"

[[projects]]
  branch = "master"
  name = "github.com/spacemonkeygo/errors"
  packages = [
    ".",
    "errhttp"
  ]
  revision = "9064522e9fd1cda39b0ea2484105af3c66410fb3"

[[projects]]
  branch = "release-branch.go1.10"
  name = "golang.org/x/net"
  packages = ["context"]
  revision = "0ed95abb35c445290478a5348a7b38bb154135fd"

[solve-meta]
  analyzer-name = "dep"
  analyzer-version = 1
  inputs-digest = "2cd694e5c8772e3b55124f904ee3b1280d55ab0a3fafc6b315ac1da215dc6ba2"
  solver-name = "gps-cdcl"
  solver-version = 1
