# This file is autogenerated, do not edit; changes may be undone by the next 'dep ensure'.


[[projects]]
  branch = "master"
  name = "github.com/dictyBase/apihelpers"
  packages = ["apherror"]
  revision = "aa9d10182786db3b748b8687d86d2dd8988317bc"

[[projects]]
  name = "github.com/fatih/structs"
  packages = ["."]
  revision = "a720dfa8df582c51dee1b36feabb906bde1588bd"
  version = "v1.0"

[[projects]]
  name = "github.com/gomodule/redigo"
  packages = [
    "internal",
    "redis"
  ]
  revision = "9c11da706d9b7902c6da69c592f75637793fe121"
  version = "v2.0.0"

[[projects]]
  branch = "master"
  name = "github.com/spacemonkeygo/errors"
  packages = [
    ".",
    "errhttp"
  ]
  revision = "9064522e9fd1cda39b0ea2484105af3c66410fb3"

[[projects]]
  branch = "release-branch.go1.10"
  name = "golang.org/x/net"
  packages = ["context"]
  revision = "0ed95abb35c445290478a5348a7b38bb154135fd"

[solve-meta]
  analyzer-name = "dep"
  analyzer-version = 1
  inputs-digest = "96a0e9d98a9663b227faeb0246a85101f185831fce057885d62612e587041723"
  solver-name = "gps-cdcl"
  solver-version = 1
